
Microsoft Visual Studio Solution File, Format Version 12.00
# Visual Studio Version 16
VisualStudioVersion = 16.0.30204.135
MinimumVisualStudioVersion = 10.0.40219.1
Project("{FAE04EC0-301F-11D3-BF4B-00C04F79EFBC}") = "Count down", "Count down\Count down.csproj", "{EEBF466E-5FED-49AB-AF90-2F19C407B617}"
EndProject
Global
	GlobalSection(SolutionConfigurationPlatforms) = preSolution
		Debug|Any CPU = Debug|Any CPU
		Release|Any CPU = Release|Any CPU
	EndGlobalSection
	GlobalSection(ProjectConfigurationPlatforms) = postSolution
		{EEBF466E-5FED-49AB-AF90-2F19C407B617}.Debug|Any CPU.ActiveCfg = Debug|Any CPU
		{EEBF466E-5FED-49AB-AF90-2F19C407B617}.Debug|Any CPU.Build.0 = Debug|Any CPU
		{EEBF466E-5FED-49AB-AF90-2F19C407B617}.Release|Any CPU.ActiveCfg = Release|Any CPU
		{EEBF466E-5FED-49AB-AF90-2F19C407B617}.Release|Any CPU.Build.0 = Release|Any CPU
	EndGlobalSection
	GlobalSection(SolutionProperties) = preSolution
		HideSolutionNode = FALSE
	EndGlobalSection
	GlobalSection(ExtensibilityGlobals) = postSolution
		SolutionGuid = {7EEA0AB9-0CCD-49BE-A3B3-94DF4C81708D}
	EndGlobalSection
EndGlobal
